<?xml version="1.0" encoding="utf-8"?>
<Project ToolsVersion="4.0" xmlns="http://schemas.microsoft.com/developer/msbuild/2003">
  <ItemGroup>
    <ClCompile Include="Src\AABB_Collision.cpp">
      <Filter>Source</Filter>
    </ClCompile>
    <ClCompile Include="Src\GameState_MainMenu.cpp">
      <Filter>Source</Filter>
    </ClCompile>
    <ClCompile Include="Src\GameState_Platform.cpp">
      <Filter>Source</Filter>
    </ClCompile>
    <ClCompile Include="Src\GameState_Platform_Extension.cpp">
      <Filter>Source</Filter>
    </ClCompile>
    <ClCompile Include="Src\GameStateMgr.cpp">
      <Filter>Source</Filter>
    </ClCompile>
    <ClCompile Include="Src\Main.cpp">
      <Filter>Source</Filter>
    </ClCompile>
  </ItemGroup>
  <ItemGroup>
    <ClInclude Include="Include\AABB_Collision.h">
      <Filter>Header</Filter>
    </ClInclude>
    <ClInclude Include="Include\GameState_MainMenu.h">
      <Filter>Header</Filter>
    </ClInclude>
    <ClInclude Include="Include\GameState_Platform.h">
      <Filter>Header</Filter>
    </ClInclude>
    <ClInclude Include="Include\GameState_Platform_Extension.h">
      <Filter>Header</Filter>
    </ClInclude>
    <ClInclude Include="Include\GameStateConstants.h">
      <Filter>Header</Filter>
    </ClInclude>
    <ClInclude Include="Include\GameStateList.h">
      <Filter>Header</Filter>
    </ClInclude>
    <ClInclude Include="Include\GameStateMgr.h">
      <Filter>Header</Filter>
    </ClInclude>
    <ClInclude Include="Include\Main.h">
      <Filter>Header</Filter>
    </ClInclude>
  </ItemGroup>
  <ItemGroup>
    <Filter Include="Source">
      <UniqueIdentifier>{7ed1dda8-7718-4f3e-9160-6caa45808fbd}</UniqueIdentifier>
    </Filter>
    <Filter Include="Header">
      <UniqueIdentifier>{8a6a73b1-b478-4ecc-92b3-94c0c65d5b87}</UniqueIdentifier>
    </Filter>
  </ItemGroup>
</Project>